
Microsoft Visual Studio Solution File, Format Version 12.00
# Visual Studio Version 17
VisualStudioVersion = 17.8.34525.116
MinimumVisualStudioVersion = 10.0.40219.1
Project("{FAE04EC0-301F-11D3-BF4B-00C04F79EFBC}") = "GeometryFiguresLibrary", "GeometryFiguresLibrary\GeometryFiguresLibrary.csproj", "{1F1E640F-222C-4BF4-9584-5064BA07FD5D}"
EndProject
Global
	GlobalSection(SolutionConfigurationPlatforms) = preSolution
		Debug|Any CPU = Debug|Any CPU
		Release|Any CPU = Release|Any CPU
	EndGlobalSection
	GlobalSection(ProjectConfigurationPlatforms) = postSolution
		{1F1E640F-222C-4BF4-9584-5064BA07FD5D}.Debug|Any CPU.ActiveCfg = Debug|Any CPU
		{1F1E640F-222C-4BF4-9584-5064BA07FD5D}.Debug|Any CPU.Build.0 = Debug|Any CPU
		{1F1E640F-222C-4BF4-9584-5064BA07FD5D}.Release|Any CPU.ActiveCfg = Release|Any CPU
		{1F1E640F-222C-4BF4-9584-5064BA07FD5D}.Release|Any CPU.Build.0 = Release|Any CPU
	EndGlobalSection
	GlobalSection(SolutionProperties) = preSolution
		HideSolutionNode = FALSE
	EndGlobalSection
	GlobalSection(ExtensibilityGlobals) = postSolution
		SolutionGuid = {BBF9B074-1770-4403-9728-78FF1189DAA2}
	EndGlobalSection
EndGlobal
